
Microsoft Visual Studio Solution File, Format Version 12.00
# Visual Studio Version 17
VisualStudioVersion = 17.5.002.0
MinimumVisualStudioVersion = 10.0.40219.1
Project("{9A19103F-16F7-4668-BE54-9A1E7A4F7556}") = "Tamagotchi", "Tamagotchi.csproj", "{2145DAF1-4248-4479-B002-84BB0FB344C1}"
EndProject
Global
	GlobalSection(SolutionConfigurationPlatforms) = preSolution
		Debug|Any CPU = Debug|Any CPU
		Release|Any CPU = Release|Any CPU
	EndGlobalSection
	GlobalSection(ProjectConfigurationPlatforms) = postSolution
		{2145DAF1-4248-4479-B002-84BB0FB344C1}.Debug|Any CPU.ActiveCfg = Debug|Any CPU
		{2145DAF1-4248-4479-B002-84BB0FB344C1}.Debug|Any CPU.Build.0 = Debug|Any CPU
		{2145DAF1-4248-4479-B002-84BB0FB344C1}.Release|Any CPU.ActiveCfg = Release|Any CPU
		{2145DAF1-4248-4479-B002-84BB0FB344C1}.Release|Any CPU.Build.0 = Release|Any CPU
	EndGlobalSection
	GlobalSection(SolutionProperties) = preSolution
		HideSolutionNode = FALSE
	EndGlobalSection
	GlobalSection(ExtensibilityGlobals) = postSolution
		SolutionGuid = {EFFFBEDC-C761-463E-9BAE-350E1EF2EF40}
	EndGlobalSection
EndGlobal
